<?xml version="1.0" encoding="utf-8"?>
<Project ToolsVersion="4.0" xmlns="http://schemas.microsoft.com/developer/msbuild/2003">
  <ItemGroup>
    <Filter Include="Archivos de origen">
      <UniqueIdentifier>{4FC737F1-C7A5-4376-A066-2A32D752A2FF}</UniqueIdentifier>
      <Extensions>cpp;c;cc;cxx;c++;cppm;ixx;def;odl;idl;hpj;bat;asm;asmx</Extensions>
    </Filter>
    <Filter Include="Archivos de encabezado">
      <UniqueIdentifier>{93995380-89BD-4b04-88EB-625FBE52EBFB}</UniqueIdentifier>
      <Extensions>h;hh;hpp;hxx;h++;hm;inl;inc;ipp;xsd</Extensions>
    </Filter>
    <Filter Include="Archivos de recursos">
      <UniqueIdentifier>{67DA6AB6-F800-4c08-8B7A-83BB121AAD01}</UniqueIdentifier>
      <Extensions>rc;ico;cur;bmp;dlg;rc2;rct;bin;rgs;gif;jpg;jpeg;jpe;resx;tiff;tif;png;wav;mfcribbon-ms</Extensions>
    </Filter>
    <Filter Include="Archivos de origen\Classes">
      <UniqueIdentifier>{01af0b02-5e3f-477c-8af5-026ea8b79fea}</UniqueIdentifier>
    </Filter>
    <Filter Include="Archivos de origen\Interfaces">
      <UniqueIdentifier>{be0ad810-d305-45ca-93e5-c11a7fc5f396}</UniqueIdentifier>
    </Filter>
  </ItemGroup>
  <ItemGroup>
    <ClCompile Include="main.cpp">
      <Filter>Archivos de origen</Filter>
    </ClCompile>
    <ClCompile Include="Game.cpp">
      <Filter>Archivos de origen\Classes</Filter>
    </ClCompile>
    <ClCompile Include="Ball.cpp">
      <Filter>Archivos de origen\Classes</Filter>
    </ClCompile>
    <ClCompile Include="FollowMouse.cpp">
      <Filter>Archivos de origen\Classes</Filter>
    </ClCompile>
    <ClCompile Include="MouseCover.cpp">
      <Filter>Archivos de origen\Classes</Filter>
    </ClCompile>
    <ClCompile Include="Trailing.cpp">
      <Filter>Archivos de origen\Classes</Filter>
    </ClCompile>
    <ClCompile Include="BaseGUI.cpp">
      <Filter>Archivos de origen\Classes</Filter>
    </ClCompile>
    <ClCompile Include="TemporalText.cpp">
      <Filter>Archivos de origen\Classes</Filter>
    </ClCompile>
    <ClCompile Include="StaticText.cpp">
      <Filter>Archivos de origen\Classes</Filter>
    </ClCompile>
    <ClCompile Include="MainGUI.cpp">
      <Filter>Archivos de origen\Classes</Filter>
    </ClCompile>
  </ItemGroup>
  <ItemGroup>
    <ClInclude Include="IBehaviour.h">
      <Filter>Archivos de origen\Interfaces</Filter>
    </ClInclude>
    <ClInclude Include="MouseCover.h">
      <Filter>Archivos de encabezado</Filter>
    </ClInclude>
    <ClInclude Include="Ball.h">
      <Filter>Archivos de encabezado</Filter>
    </ClInclude>
    <ClInclude Include="FollowMouse.h">
      <Filter>Archivos de encabezado</Filter>
    </ClInclude>
    <ClInclude Include="Game.h">
      <Filter>Archivos de encabezado</Filter>
    </ClInclude>
    <ClInclude Include="Trailing.h">
      <Filter>Archivos de encabezado</Filter>
    </ClInclude>
    <ClInclude Include="BaseGUI.h">
      <Filter>Archivos de encabezado</Filter>
    </ClInclude>
    <ClInclude Include="IGUIElement.h">
      <Filter>Archivos de origen\Interfaces</Filter>
    </ClInclude>
    <ClInclude Include="TemporalText.h">
      <Filter>Archivos de encabezado</Filter>
    </ClInclude>
    <ClInclude Include="StaticText.h">
      <Filter>Archivos de encabezado</Filter>
    </ClInclude>
    <ClInclude Include="MainGUI.h">
      <Filter>Archivos de encabezado</Filter>
    </ClInclude>
  </ItemGroup>
</Project>